
Microsoft Visual Studio Solution File, Format Version 12.00
# Visual Studio Version 16
VisualStudioVersion = 16.0.29519.181
MinimumVisualStudioVersion = 10.0.40219.1
Project("{FAE04EC0-301F-11D3-BF4B-00C04F79EFBC}") = "NetworkNodeForm", "NetworkNodeForm\NetworkNodeForm.csproj", "{AA26014E-09D8-4DD1-8769-38B85E7E5E7E}"
EndProject
Global
	GlobalSection(SolutionConfigurationPlatforms) = preSolution
		Debug|Any CPU = Debug|Any CPU
		Release|Any CPU = Release|Any CPU
	EndGlobalSection
	GlobalSection(ProjectConfigurationPlatforms) = postSolution
		{AA26014E-09D8-4DD1-8769-38B85E7E5E7E}.Debug|Any CPU.ActiveCfg = Debug|Any CPU
		{AA26014E-09D8-4DD1-8769-38B85E7E5E7E}.Debug|Any CPU.Build.0 = Debug|Any CPU
		{AA26014E-09D8-4DD1-8769-38B85E7E5E7E}.Release|Any CPU.ActiveCfg = Release|Any CPU
		{AA26014E-09D8-4DD1-8769-38B85E7E5E7E}.Release|Any CPU.Build.0 = Release|Any CPU
	EndGlobalSection
	GlobalSection(SolutionProperties) = preSolution
		HideSolutionNode = FALSE
	EndGlobalSection
	GlobalSection(ExtensibilityGlobals) = postSolution
		SolutionGuid = {1741E207-3AFB-4798-943E-D985296096B6}
	EndGlobalSection
EndGlobal
